{
  "object": {
    "pins": [
      {
        "package": "RealmDatabase",
        "repositoryURL": "https://github.com/realm/realm-core",
        "state": {
          "branch": null,
          "revision": "c3c11a841642ac93c27bd1edd61f989fc0bfb809",
          "version": "11.6.1"
        }
      },
      {
        "package": "Realm",
        "repositoryURL": "https://github.com/realm/realm-swift",
        "state": {
          "branch": "master",
          "revision": "723df39f79f7c3b6251d7910734575e85c13086f",
          "version": null
        }
      }
    ]
  },
  "version": 1
}
